
Microsoft Visual Studio Solution File, Format Version 12.00
# Visual Studio Version 16
VisualStudioVersion = 16.0.30011.22
MinimumVisualStudioVersion = 10.0.40219.1
Project("{FAE04EC0-301F-11D3-BF4B-00C04F79EFBC}") = "Test OpenTK", "Test OpenTK\Test OpenTK.csproj", "{D38D3A3D-BFA4-4F0F-B6B9-3C86BBA1148E}"
EndProject
Global
	GlobalSection(SolutionConfigurationPlatforms) = preSolution
		Debug|Any CPU = Debug|Any CPU
		Release|Any CPU = Release|Any CPU
	EndGlobalSection
	GlobalSection(ProjectConfigurationPlatforms) = postSolution
		{D38D3A3D-BFA4-4F0F-B6B9-3C86BBA1148E}.Debug|Any CPU.ActiveCfg = Release|Any CPU
		{D38D3A3D-BFA4-4F0F-B6B9-3C86BBA1148E}.Debug|Any CPU.Build.0 = Release|Any CPU
		{D38D3A3D-BFA4-4F0F-B6B9-3C86BBA1148E}.Release|Any CPU.ActiveCfg = Release|Any CPU
		{D38D3A3D-BFA4-4F0F-B6B9-3C86BBA1148E}.Release|Any CPU.Build.0 = Release|Any CPU
	EndGlobalSection
	GlobalSection(SolutionProperties) = preSolution
		HideSolutionNode = FALSE
	EndGlobalSection
	GlobalSection(ExtensibilityGlobals) = postSolution
		SolutionGuid = {4F22C1C2-2309-4568-B015-8961738FDA90}
	EndGlobalSection
EndGlobal
